
Microsoft Visual Studio Solution File, Format Version 12.00
# Visual Studio Version 17
VisualStudioVersion = 17.14.36511.14
MinimumVisualStudioVersion = 10.0.40219.1
Project("{FAE04EC0-301F-11D3-BF4B-00C04F79EFBC}") = "cccc1808.ProcessEngine.Model", "cccc1808.ProcessEngine.Model\cccc1808.ProcessEngine.Model.csproj", "{3560C734-21F7-4C9B-9F78-062C05D63A06}"
EndProject
Project("{2150E333-8FDC-42A3-9474-1A3956D46DE8}") = "Test", "Test", "{36D591C7-65C7-A0D1-1CBC-10CDE441BDC8}"
EndProject
Project("{2150E333-8FDC-42A3-9474-1A3956D46DE8}") = "Model", "Model", "{6BDE1CCA-B170-4DEB-BC66-CA3416FB4CEE}"
EndProject
Project("{2150E333-8FDC-42A3-9474-1A3956D46DE8}") = "Processes", "Processes", "{C3E60606-347A-4562-8DF0-09C86EAF41C9}"
EndProject
Project("{FAE04EC0-301F-11D3-BF4B-00C04F79EFBC}") = "cccc1808.ProcessEngine.Test1", "cccc1808.ProcessEngine.Test1\cccc1808.ProcessEngine.Test1.csproj", "{5D2924C1-16F2-4F0B-A217-4D810995EB79}"
EndProject
Project("{FAE04EC0-301F-11D3-BF4B-00C04F79EFBC}") = "cccc1808.ProcessEngine.Model.EfCore", "cccc1808.ProcessEngine.Model.EfCore\cccc1808.ProcessEngine.Model.EfCore.csproj", "{4C24BC69-48E6-4920-75AE-E6DB588C1E76}"
EndProject
Project("{FAE04EC0-301F-11D3-BF4B-00C04F79EFBC}") = "cccc1808.ProcessEngine.Model.InboxOutbox.EFCore", "cccc1808.ProcessEngine.Model.InboxOutbox.EFCore\cccc1808.ProcessEngine.Model.InboxOutbox.EFCore.csproj", "{C4CC4CD0-120A-F6AA-F498-7A4B32FC59A7}"
EndProject
Project("{FAE04EC0-301F-11D3-BF4B-00C04F79EFBC}") = "cccc1808.ProcessEngine.Model.InboxOutbox", "cccc1808.ProcessEngine.Model.InboxOutbox\cccc1808.ProcessEngine.Model.InboxOutbox.csproj", "{DD190B3F-0229-4F44-B66D-371BC7BAE493}"
EndProject
Project("{2150E333-8FDC-42A3-9474-1A3956D46DE8}") = "InboxOutbox", "InboxOutbox", "{34C0F5A9-73A5-4E36-A02D-F78A70155E38}"
EndProject
Project("{2150E333-8FDC-42A3-9474-1A3956D46DE8}") = "Core", "Core", "{44F60CCA-9BC8-49C9-A83D-0E4D704F8957}"
EndProject
Project("{FAE04EC0-301F-11D3-BF4B-00C04F79EFBC}") = "cccc1808.ProcessEngine.Model.Kafka", "cccc1808.ProcessEngine.Model.Kafka\cccc1808.ProcessEngine.Model.Kafka.csproj", "{A90ABCAC-EF15-4C01-BA31-EFFAC1C60A07}"
EndProject
Project("{2150E333-8FDC-42A3-9474-1A3956D46DE8}") = "Solution Items", "Solution Items", "{BF7D7DAC-DF5C-4FA9-85CC-968A0B8CA339}"
EndProject
Project("{FAE04EC0-301F-11D3-BF4B-00C04F79EFBC}") = "cccc1808.ProcessEngine.Model.EfCore.Postgres", "cccc1808.ProcessEngine.Model.EfCore.Postgres\cccc1808.ProcessEngine.Model.EfCore.Postgres.csproj", "{A510DB33-8FBF-487D-8B3E-1F7DDCC1C157}"
EndProject
Project("{FAE04EC0-301F-11D3-BF4B-00C04F79EFBC}") = "cccc1808.ProcessEngine.Test2", "cccc1808.ProcessEngine.Test2\cccc1808.ProcessEngine.Test2.csproj", "{99FA16F8-B089-4480-A942-85A9D94D75F1}"
EndProject
Project("{2150E333-8FDC-42A3-9474-1A3956D46DE8}") = "Core.Infrastructure", "Core.Infrastructure", "{0E4F6DBB-4CAC-4A20-B985-0BCDED1B4849}"
EndProject
Project("{2150E333-8FDC-42A3-9474-1A3956D46DE8}") = "SimpleSchema", "SimpleSchema", "{5C060333-9EB5-4B72-9836-920C41D7ACB0}"
EndProject
Project("{FAE04EC0-301F-11D3-BF4B-00C04F79EFBC}") = "cccc1808.ProcessEngine.Model.SimpleSchema.EF", "cccc1808.ProcessEngine.Model.SimpleSchema.EF\cccc1808.ProcessEngine.Model.SimpleSchema.EF.csproj", "{B7FA1B40-355F-4613-BED7-D612C1A874AA}"
EndProject
Project("{FAE04EC0-301F-11D3-BF4B-00C04F79EFBC}") = "cccc1808.ProcessEngine.Model.SimpleSchema.Diagrams", "cccc1808.ProcessEngine.Model.SimpleSchema.Diagrams\cccc1808.ProcessEngine.Model.SimpleSchema.Diagrams.csproj", "{1882918A-EB4C-44C3-B20D-90E65D752D64}"
EndProject
Global
	GlobalSection(SolutionConfigurationPlatforms) = preSolution
		Debug|Any CPU = Debug|Any CPU
		Release|Any CPU = Release|Any CPU
	EndGlobalSection
	GlobalSection(ProjectConfigurationPlatforms) = postSolution
		{3560C734-21F7-4C9B-9F78-062C05D63A06}.Debug|Any CPU.ActiveCfg = Debug|Any CPU
		{3560C734-21F7-4C9B-9F78-062C05D63A06}.Debug|Any CPU.Build.0 = Debug|Any CPU
		{3560C734-21F7-4C9B-9F78-062C05D63A06}.Release|Any CPU.ActiveCfg = Release|Any CPU
		{3560C734-21F7-4C9B-9F78-062C05D63A06}.Release|Any CPU.Build.0 = Release|Any CPU
		{5D2924C1-16F2-4F0B-A217-4D810995EB79}.Debug|Any CPU.ActiveCfg = Debug|Any CPU
		{5D2924C1-16F2-4F0B-A217-4D810995EB79}.Debug|Any CPU.Build.0 = Debug|Any CPU
		{5D2924C1-16F2-4F0B-A217-4D810995EB79}.Release|Any CPU.ActiveCfg = Release|Any CPU
		{5D2924C1-16F2-4F0B-A217-4D810995EB79}.Release|Any CPU.Build.0 = Release|Any CPU
		{4C24BC69-48E6-4920-75AE-E6DB588C1E76}.Debug|Any CPU.ActiveCfg = Debug|Any CPU
		{4C24BC69-48E6-4920-75AE-E6DB588C1E76}.Debug|Any CPU.Build.0 = Debug|Any CPU
		{4C24BC69-48E6-4920-75AE-E6DB588C1E76}.Release|Any CPU.ActiveCfg = Release|Any CPU
		{4C24BC69-48E6-4920-75AE-E6DB588C1E76}.Release|Any CPU.Build.0 = Release|Any CPU
		{C4CC4CD0-120A-F6AA-F498-7A4B32FC59A7}.Debug|Any CPU.ActiveCfg = Debug|Any CPU
		{C4CC4CD0-120A-F6AA-F498-7A4B32FC59A7}.Debug|Any CPU.Build.0 = Debug|Any CPU
		{C4CC4CD0-120A-F6AA-F498-7A4B32FC59A7}.Release|Any CPU.ActiveCfg = Release|Any CPU
		{C4CC4CD0-120A-F6AA-F498-7A4B32FC59A7}.Release|Any CPU.Build.0 = Release|Any CPU
		{DD190B3F-0229-4F44-B66D-371BC7BAE493}.Debug|Any CPU.ActiveCfg = Debug|Any CPU
		{DD190B3F-0229-4F44-B66D-371BC7BAE493}.Debug|Any CPU.Build.0 = Debug|Any CPU
		{DD190B3F-0229-4F44-B66D-371BC7BAE493}.Release|Any CPU.ActiveCfg = Release|Any CPU
		{DD190B3F-0229-4F44-B66D-371BC7BAE493}.Release|Any CPU.Build.0 = Release|Any CPU
		{A90ABCAC-EF15-4C01-BA31-EFFAC1C60A07}.Debug|Any CPU.ActiveCfg = Debug|Any CPU
		{A90ABCAC-EF15-4C01-BA31-EFFAC1C60A07}.Debug|Any CPU.Build.0 = Debug|Any CPU
		{A90ABCAC-EF15-4C01-BA31-EFFAC1C60A07}.Release|Any CPU.ActiveCfg = Release|Any CPU
		{A90ABCAC-EF15-4C01-BA31-EFFAC1C60A07}.Release|Any CPU.Build.0 = Release|Any CPU
		{A510DB33-8FBF-487D-8B3E-1F7DDCC1C157}.Debug|Any CPU.ActiveCfg = Debug|Any CPU
		{A510DB33-8FBF-487D-8B3E-1F7DDCC1C157}.Debug|Any CPU.Build.0 = Debug|Any CPU
		{A510DB33-8FBF-487D-8B3E-1F7DDCC1C157}.Release|Any CPU.ActiveCfg = Release|Any CPU
		{A510DB33-8FBF-487D-8B3E-1F7DDCC1C157}.Release|Any CPU.Build.0 = Release|Any CPU
		{99FA16F8-B089-4480-A942-85A9D94D75F1}.Debug|Any CPU.ActiveCfg = Debug|Any CPU
		{99FA16F8-B089-4480-A942-85A9D94D75F1}.Debug|Any CPU.Build.0 = Debug|Any CPU
		{99FA16F8-B089-4480-A942-85A9D94D75F1}.Release|Any CPU.ActiveCfg = Release|Any CPU
		{99FA16F8-B089-4480-A942-85A9D94D75F1}.Release|Any CPU.Build.0 = Release|Any CPU
		{B7FA1B40-355F-4613-BED7-D612C1A874AA}.Debug|Any CPU.ActiveCfg = Debug|Any CPU
		{B7FA1B40-355F-4613-BED7-D612C1A874AA}.Debug|Any CPU.Build.0 = Debug|Any CPU
		{B7FA1B40-355F-4613-BED7-D612C1A874AA}.Release|Any CPU.ActiveCfg = Release|Any CPU
		{B7FA1B40-355F-4613-BED7-D612C1A874AA}.Release|Any CPU.Build.0 = Release|Any CPU
		{1882918A-EB4C-44C3-B20D-90E65D752D64}.Debug|Any CPU.ActiveCfg = Debug|Any CPU
		{1882918A-EB4C-44C3-B20D-90E65D752D64}.Debug|Any CPU.Build.0 = Debug|Any CPU
		{1882918A-EB4C-44C3-B20D-90E65D752D64}.Release|Any CPU.ActiveCfg = Release|Any CPU
		{1882918A-EB4C-44C3-B20D-90E65D752D64}.Release|Any CPU.Build.0 = Release|Any CPU
	EndGlobalSection
	GlobalSection(SolutionProperties) = preSolution
		HideSolutionNode = FALSE
	EndGlobalSection
	GlobalSection(NestedProjects) = preSolution
		{3560C734-21F7-4C9B-9F78-062C05D63A06} = {44F60CCA-9BC8-49C9-A83D-0E4D704F8957}
		{C3E60606-347A-4562-8DF0-09C86EAF41C9} = {6BDE1CCA-B170-4DEB-BC66-CA3416FB4CEE}
		{5D2924C1-16F2-4F0B-A217-4D810995EB79} = {36D591C7-65C7-A0D1-1CBC-10CDE441BDC8}
		{4C24BC69-48E6-4920-75AE-E6DB588C1E76} = {0E4F6DBB-4CAC-4A20-B985-0BCDED1B4849}
		{C4CC4CD0-120A-F6AA-F498-7A4B32FC59A7} = {34C0F5A9-73A5-4E36-A02D-F78A70155E38}
		{DD190B3F-0229-4F44-B66D-371BC7BAE493} = {34C0F5A9-73A5-4E36-A02D-F78A70155E38}
		{34C0F5A9-73A5-4E36-A02D-F78A70155E38} = {C3E60606-347A-4562-8DF0-09C86EAF41C9}
		{44F60CCA-9BC8-49C9-A83D-0E4D704F8957} = {6BDE1CCA-B170-4DEB-BC66-CA3416FB4CEE}
		{A90ABCAC-EF15-4C01-BA31-EFFAC1C60A07} = {0E4F6DBB-4CAC-4A20-B985-0BCDED1B4849}
		{A510DB33-8FBF-487D-8B3E-1F7DDCC1C157} = {0E4F6DBB-4CAC-4A20-B985-0BCDED1B4849}
		{99FA16F8-B089-4480-A942-85A9D94D75F1} = {36D591C7-65C7-A0D1-1CBC-10CDE441BDC8}
		{0E4F6DBB-4CAC-4A20-B985-0BCDED1B4849} = {6BDE1CCA-B170-4DEB-BC66-CA3416FB4CEE}
		{5C060333-9EB5-4B72-9836-920C41D7ACB0} = {C3E60606-347A-4562-8DF0-09C86EAF41C9}
		{B7FA1B40-355F-4613-BED7-D612C1A874AA} = {5C060333-9EB5-4B72-9836-920C41D7ACB0}
		{1882918A-EB4C-44C3-B20D-90E65D752D64} = {5C060333-9EB5-4B72-9836-920C41D7ACB0}
	EndGlobalSection
	GlobalSection(ExtensibilityGlobals) = postSolution
		SolutionGuid = {4E97EAC5-32FC-450A-92A8-B80C6A5EF637}
	EndGlobalSection
EndGlobal
