
Microsoft Visual Studio Solution File, Format Version 12.00
# Visual Studio Version 17
VisualStudioVersion = 17.14.36511.14
MinimumVisualStudioVersion = 10.0.40219.1
Project("{FAE04EC0-301F-11D3-BF4B-00C04F79EFBC}") = "cccc1808.ProcessEngine.Model", "cccc1808.ProcessEngine.Model\cccc1808.ProcessEngine.Model.csproj", "{3560C734-21F7-4C9B-9F78-062C05D63A06}"
EndProject
Project("{2150E333-8FDC-42A3-9474-1A3956D46DE8}") = "Test", "Test", "{36D591C7-65C7-A0D1-1CBC-10CDE441BDC8}"
EndProject
Project("{2150E333-8FDC-42A3-9474-1A3956D46DE8}") = "Model", "Model", "{6BDE1CCA-B170-4DEB-BC66-CA3416FB4CEE}"
EndProject
Project("{2150E333-8FDC-42A3-9474-1A3956D46DE8}") = "Processes", "Processes", "{C3E60606-347A-4562-8DF0-09C86EAF41C9}"
EndProject
Project("{FAE04EC0-301F-11D3-BF4B-00C04F79EFBC}") = "cccc1808.ProcessEngine.Model.EfCore", "cccc1808.ProcessEngine.Model.EfCore\cccc1808.ProcessEngine.Model.EfCore.csproj", "{4C24BC69-48E6-4920-75AE-E6DB588C1E76}"
EndProject
Project("{2150E333-8FDC-42A3-9474-1A3956D46DE8}") = "InboxOutbox", "InboxOutbox", "{34C0F5A9-73A5-4E36-A02D-F78A70155E38}"
EndProject
Project("{2150E333-8FDC-42A3-9474-1A3956D46DE8}") = "Core", "Core", "{44F60CCA-9BC8-49C9-A83D-0E4D704F8957}"
EndProject
Project("{FAE04EC0-301F-11D3-BF4B-00C04F79EFBC}") = "cccc1808.ProcessEngine.Model.Kafka", "cccc1808.ProcessEngine.Model.Kafka\cccc1808.ProcessEngine.Model.Kafka.csproj", "{A90ABCAC-EF15-4C01-BA31-EFFAC1C60A07}"
EndProject
Project("{2150E333-8FDC-42A3-9474-1A3956D46DE8}") = "Solution Items", "Solution Items", "{BF7D7DAC-DF5C-4FA9-85CC-968A0B8CA339}"
EndProject
Project("{FAE04EC0-301F-11D3-BF4B-00C04F79EFBC}") = "cccc1808.ProcessEngine.Model.EfCore.Postgres", "cccc1808.ProcessEngine.Model.EfCore.Postgres\cccc1808.ProcessEngine.Model.EfCore.Postgres.csproj", "{A510DB33-8FBF-487D-8B3E-1F7DDCC1C157}"
EndProject
Project("{2150E333-8FDC-42A3-9474-1A3956D46DE8}") = "Core.Infrastructure", "Core.Infrastructure", "{0E4F6DBB-4CAC-4A20-B985-0BCDED1B4849}"
EndProject
Project("{FAE04EC0-301F-11D3-BF4B-00C04F79EFBC}") = "cccc1808.ProcessEngine.Model.Linq2Db", "cccc1808.ProcessEngine.Model.Linq2Db\cccc1808.ProcessEngine.Model.Linq2Db.csproj", "{DB28A059-F907-42C8-A009-D6C28EB49521}"
EndProject
Project("{FAE04EC0-301F-11D3-BF4B-00C04F79EFBC}") = "cccc1808.ProcessEngine.Model.IQueryable", "cccc1808.ProcessEngine.Model.IQueryable\cccc1808.ProcessEngine.Model.IQueryable.csproj", "{05BC5AB0-8D38-4E50-9507-3ECDB25DD6A9}"
EndProject
Project("{FAE04EC0-301F-11D3-BF4B-00C04F79EFBC}") = "cccc1808.ProcessEngine.Test2", "cccc1808.ProcessEngine.Test2\cccc1808.ProcessEngine.Test2.csproj", "{C3CD5762-2E94-D36A-E586-564DDB4F44A4}"
EndProject
Project("{FAE04EC0-301F-11D3-BF4B-00C04F79EFBC}") = "cccc1808.ProcessEngine.Model.InboxOutbox", "cccc1808.ProcessEngine.Model.InboxOutbox\cccc1808.ProcessEngine.Model.InboxOutbox.csproj", "{2F745BEC-3FDD-83E8-DBC0-A5A6B183246A}"
EndProject
Project("{FAE04EC0-301F-11D3-BF4B-00C04F79EFBC}") = "cccc1808.ProcessEngine.Model.InboxOutbox.EFCore", "cccc1808.ProcessEngine.Model.InboxOutbox.EFCore\cccc1808.ProcessEngine.Model.InboxOutbox.EFCore.csproj", "{C4CC4CD0-120A-F6AA-F498-7A4B32FC59A7}"
EndProject
Project("{FAE04EC0-301F-11D3-BF4B-00C04F79EFBC}") = "cccc1808.ProcessEngine.Test3", "cccc1808.ProcessEngine.Test3\cccc1808.ProcessEngine.Test3.csproj", "{F03C7564-B643-4CC3-9DD9-55109E2D1751}"
EndProject
Global
	GlobalSection(SolutionConfigurationPlatforms) = preSolution
		Debug|Any CPU = Debug|Any CPU
		Release|Any CPU = Release|Any CPU
	EndGlobalSection
	GlobalSection(ProjectConfigurationPlatforms) = postSolution
		{3560C734-21F7-4C9B-9F78-062C05D63A06}.Debug|Any CPU.ActiveCfg = Debug|Any CPU
		{3560C734-21F7-4C9B-9F78-062C05D63A06}.Debug|Any CPU.Build.0 = Debug|Any CPU
		{3560C734-21F7-4C9B-9F78-062C05D63A06}.Release|Any CPU.ActiveCfg = Release|Any CPU
		{3560C734-21F7-4C9B-9F78-062C05D63A06}.Release|Any CPU.Build.0 = Release|Any CPU
		{4C24BC69-48E6-4920-75AE-E6DB588C1E76}.Debug|Any CPU.ActiveCfg = Debug|Any CPU
		{4C24BC69-48E6-4920-75AE-E6DB588C1E76}.Debug|Any CPU.Build.0 = Debug|Any CPU
		{4C24BC69-48E6-4920-75AE-E6DB588C1E76}.Release|Any CPU.ActiveCfg = Release|Any CPU
		{4C24BC69-48E6-4920-75AE-E6DB588C1E76}.Release|Any CPU.Build.0 = Release|Any CPU
		{A90ABCAC-EF15-4C01-BA31-EFFAC1C60A07}.Debug|Any CPU.ActiveCfg = Debug|Any CPU
		{A90ABCAC-EF15-4C01-BA31-EFFAC1C60A07}.Debug|Any CPU.Build.0 = Debug|Any CPU
		{A90ABCAC-EF15-4C01-BA31-EFFAC1C60A07}.Release|Any CPU.ActiveCfg = Release|Any CPU
		{A90ABCAC-EF15-4C01-BA31-EFFAC1C60A07}.Release|Any CPU.Build.0 = Release|Any CPU
		{A510DB33-8FBF-487D-8B3E-1F7DDCC1C157}.Debug|Any CPU.ActiveCfg = Debug|Any CPU
		{A510DB33-8FBF-487D-8B3E-1F7DDCC1C157}.Debug|Any CPU.Build.0 = Debug|Any CPU
		{A510DB33-8FBF-487D-8B3E-1F7DDCC1C157}.Release|Any CPU.ActiveCfg = Release|Any CPU
		{A510DB33-8FBF-487D-8B3E-1F7DDCC1C157}.Release|Any CPU.Build.0 = Release|Any CPU
		{DB28A059-F907-42C8-A009-D6C28EB49521}.Debug|Any CPU.ActiveCfg = Debug|Any CPU
		{DB28A059-F907-42C8-A009-D6C28EB49521}.Debug|Any CPU.Build.0 = Debug|Any CPU
		{DB28A059-F907-42C8-A009-D6C28EB49521}.Release|Any CPU.ActiveCfg = Release|Any CPU
		{DB28A059-F907-42C8-A009-D6C28EB49521}.Release|Any CPU.Build.0 = Release|Any CPU
		{05BC5AB0-8D38-4E50-9507-3ECDB25DD6A9}.Debug|Any CPU.ActiveCfg = Debug|Any CPU
		{05BC5AB0-8D38-4E50-9507-3ECDB25DD6A9}.Debug|Any CPU.Build.0 = Debug|Any CPU
		{05BC5AB0-8D38-4E50-9507-3ECDB25DD6A9}.Release|Any CPU.ActiveCfg = Release|Any CPU
		{05BC5AB0-8D38-4E50-9507-3ECDB25DD6A9}.Release|Any CPU.Build.0 = Release|Any CPU
		{C3CD5762-2E94-D36A-E586-564DDB4F44A4}.Debug|Any CPU.ActiveCfg = Debug|Any CPU
		{C3CD5762-2E94-D36A-E586-564DDB4F44A4}.Debug|Any CPU.Build.0 = Debug|Any CPU
		{C3CD5762-2E94-D36A-E586-564DDB4F44A4}.Release|Any CPU.ActiveCfg = Release|Any CPU
		{C3CD5762-2E94-D36A-E586-564DDB4F44A4}.Release|Any CPU.Build.0 = Release|Any CPU
		{2F745BEC-3FDD-83E8-DBC0-A5A6B183246A}.Debug|Any CPU.ActiveCfg = Debug|Any CPU
		{2F745BEC-3FDD-83E8-DBC0-A5A6B183246A}.Debug|Any CPU.Build.0 = Debug|Any CPU
		{2F745BEC-3FDD-83E8-DBC0-A5A6B183246A}.Release|Any CPU.ActiveCfg = Release|Any CPU
		{2F745BEC-3FDD-83E8-DBC0-A5A6B183246A}.Release|Any CPU.Build.0 = Release|Any CPU
		{C4CC4CD0-120A-F6AA-F498-7A4B32FC59A7}.Debug|Any CPU.ActiveCfg = Debug|Any CPU
		{C4CC4CD0-120A-F6AA-F498-7A4B32FC59A7}.Debug|Any CPU.Build.0 = Debug|Any CPU
		{C4CC4CD0-120A-F6AA-F498-7A4B32FC59A7}.Release|Any CPU.ActiveCfg = Release|Any CPU
		{C4CC4CD0-120A-F6AA-F498-7A4B32FC59A7}.Release|Any CPU.Build.0 = Release|Any CPU
		{F03C7564-B643-4CC3-9DD9-55109E2D1751}.Debug|Any CPU.ActiveCfg = Debug|Any CPU
		{F03C7564-B643-4CC3-9DD9-55109E2D1751}.Debug|Any CPU.Build.0 = Debug|Any CPU
		{F03C7564-B643-4CC3-9DD9-55109E2D1751}.Release|Any CPU.ActiveCfg = Release|Any CPU
		{F03C7564-B643-4CC3-9DD9-55109E2D1751}.Release|Any CPU.Build.0 = Release|Any CPU
	EndGlobalSection
	GlobalSection(SolutionProperties) = preSolution
		HideSolutionNode = FALSE
	EndGlobalSection
	GlobalSection(NestedProjects) = preSolution
		{3560C734-21F7-4C9B-9F78-062C05D63A06} = {44F60CCA-9BC8-49C9-A83D-0E4D704F8957}
		{C3E60606-347A-4562-8DF0-09C86EAF41C9} = {6BDE1CCA-B170-4DEB-BC66-CA3416FB4CEE}
		{4C24BC69-48E6-4920-75AE-E6DB588C1E76} = {0E4F6DBB-4CAC-4A20-B985-0BCDED1B4849}
		{34C0F5A9-73A5-4E36-A02D-F78A70155E38} = {C3E60606-347A-4562-8DF0-09C86EAF41C9}
		{44F60CCA-9BC8-49C9-A83D-0E4D704F8957} = {6BDE1CCA-B170-4DEB-BC66-CA3416FB4CEE}
		{A90ABCAC-EF15-4C01-BA31-EFFAC1C60A07} = {0E4F6DBB-4CAC-4A20-B985-0BCDED1B4849}
		{A510DB33-8FBF-487D-8B3E-1F7DDCC1C157} = {0E4F6DBB-4CAC-4A20-B985-0BCDED1B4849}
		{0E4F6DBB-4CAC-4A20-B985-0BCDED1B4849} = {6BDE1CCA-B170-4DEB-BC66-CA3416FB4CEE}
		{DB28A059-F907-42C8-A009-D6C28EB49521} = {0E4F6DBB-4CAC-4A20-B985-0BCDED1B4849}
		{05BC5AB0-8D38-4E50-9507-3ECDB25DD6A9} = {0E4F6DBB-4CAC-4A20-B985-0BCDED1B4849}
		{C3CD5762-2E94-D36A-E586-564DDB4F44A4} = {36D591C7-65C7-A0D1-1CBC-10CDE441BDC8}
		{2F745BEC-3FDD-83E8-DBC0-A5A6B183246A} = {34C0F5A9-73A5-4E36-A02D-F78A70155E38}
		{C4CC4CD0-120A-F6AA-F498-7A4B32FC59A7} = {34C0F5A9-73A5-4E36-A02D-F78A70155E38}
		{F03C7564-B643-4CC3-9DD9-55109E2D1751} = {36D591C7-65C7-A0D1-1CBC-10CDE441BDC8}
	EndGlobalSection
	GlobalSection(ExtensibilityGlobals) = postSolution
		SolutionGuid = {4E97EAC5-32FC-450A-92A8-B80C6A5EF637}
	EndGlobalSection
EndGlobal
